// !$*UTF8*$!
{
	archiveVersion = 1;
	classes = {
	};
	objectVersion = 52;
	objects = {

/* Begin PBXBuildFile section */
		0E0D26DE249FAC19007E5A63 /* AppDelegate.swift in Sources */ = {isa = PBXBuildFile; fileRef = 0E0D26DD249FAC19007E5A63 /* AppDelegate.swift */; };
		0E0D26E0249FAC19007E5A63 /* SceneDelegate.swift in Sources */ = {isa = PBXBuildFile; fileRef = 0E0D26DF249FAC19007E5A63 /* SceneDelegate.swift */; };
		0E0D26E2249FAC19007E5A63 /* ContentView.swift in Sources */ = {isa = PBXBuildFile; fileRef = 0E0D26E1249FAC19007E5A63 /* ContentView.swift */; };
		0E0D26E4249FAC1E007E5A63 /* Assets.xcassets in Resources */ = {isa = PBXBuildFile; fileRef = 0E0D26E3249FAC1E007E5A63 /* Assets.xcassets */; };
		0E0D26E7249FAC1E007E5A63 /* Preview Assets.xcassets in Resources */ = {isa = PBXBuildFile; fileRef = 0E0D26E6249FAC1E007E5A63 /* Preview Assets.xcassets */; };
		0E1C6F5824F564A2007B5028 /* Summary.swift in Sources */ = {isa = PBXBuildFile; fileRef = 0E1C6F5724F564A2007B5028 /* Summary.swift */; };
		0E1C6F5A24F564F4007B5028 /* CalendarTab.swift in Sources */ = {isa = PBXBuildFile; fileRef = 0E1C6F5924F564F4007B5028 /* CalendarTab.swift */; };
		0E1C6F5C24F5650D007B5028 /* AddReport.swift in Sources */ = {isa = PBXBuildFile; fileRef = 0E1C6F5B24F5650D007B5028 /* AddReport.swift */; };
		0E44DAA925025655001A349B /* EditViewSheet.swift in Sources */ = {isa = PBXBuildFile; fileRef = 0E44DAA825025654001A349B /* EditViewSheet.swift */; };
		0E56717424FD340B002D8FD7 /* SwiftUICharts in Frameworks */ = {isa = PBXBuildFile; productRef = 0E56717324FD340B002D8FD7 /* SwiftUICharts */; };
		0E56717724FE9A76002D8FD7 /* HealthMonitor.xcdatamodeld in Sources */ = {isa = PBXBuildFile; fileRef = 0E56717524FE9A76002D8FD7 /* HealthMonitor.xcdatamodeld */; };
		0E72C35D24F7B34A00D98AFD /* ButtonView.swift in Sources */ = {isa = PBXBuildFile; fileRef = 0E72C35C24F7B34A00D98AFD /* ButtonView.swift */; };
		0E87600025056FF2009CA0F0 /* ReportView.swift in Sources */ = {isa = PBXBuildFile; fileRef = 0E875FFF25056FF2009CA0F0 /* ReportView.swift */; };
		0E8E01132500164E005FDBCC /* CalendarDate.swift in Sources */ = {isa = PBXBuildFile; fileRef = 0E8E01122500164E005FDBCC /* CalendarDate.swift */; };
		0E8E011525001681005FDBCC /* CalendarCell.swift in Sources */ = {isa = PBXBuildFile; fileRef = 0E8E011425001681005FDBCC /* CalendarCell.swift */; };
		0E8E01172500169C005FDBCC /* ReportSheet.swift in Sources */ = {isa = PBXBuildFile; fileRef = 0E8E01162500169C005FDBCC /* ReportSheet.swift */; };
		0E8E0119250016B5005FDBCC /* CalendarMonth.swift in Sources */ = {isa = PBXBuildFile; fileRef = 0E8E0118250016B5005FDBCC /* CalendarMonth.swift */; };
		0E8E011B250016D8005FDBCC /* CalendarController.swift in Sources */ = {isa = PBXBuildFile; fileRef = 0E8E011A250016D8005FDBCC /* CalendarController.swift */; };
		0E8E011D25001702005FDBCC /* CalendarManager.swift in Sources */ = {isa = PBXBuildFile; fileRef = 0E8E011C25001702005FDBCC /* CalendarManager.swift */; };
		0E8E011F2500171D005FDBCC /* CalendarColor.swift in Sources */ = {isa = PBXBuildFile; fileRef = 0E8E011E2500171D005FDBCC /* CalendarColor.swift */; };
		0E8EDD4F24F5714C009A960A /* CardView.swift in Sources */ = {isa = PBXBuildFile; fileRef = 0E8EDD4E24F5714C009A960A /* CardView.swift */; };
		0E8FA18B2503D935004A6C88 /* ListView.swift in Sources */ = {isa = PBXBuildFile; fileRef = 0E8FA18A2503D935004A6C88 /* ListView.swift */; };
		0E8FA18D2503DA59004A6C88 /* AllReport.swift in Sources */ = {isa = PBXBuildFile; fileRef = 0E8FA18C2503DA59004A6C88 /* AllReport.swift */; };
		0E9FC3FE2502434700FC9CC4 /* AddReportSheet.swift in Sources */ = {isa = PBXBuildFile; fileRef = 0E9FC3FD2502434700FC9CC4 /* AddReportSheet.swift */; };
		0ECC099324F6535C00C780DD /* CardViewData.swift in Sources */ = {isa = PBXBuildFile; fileRef = 0ECC099224F6535C00C780DD /* CardViewData.swift */; };
		0ECC09DD24F7A7E300C780DD /* AdaptsKeyboard.swift in Sources */ = {isa = PBXBuildFile; fileRef = 0ECC09DC24F7A7E300C780DD /* AdaptsKeyboard.swift */; };
		0ED4619C2503EA8600F58E83 /* ListReportDetail.swift in Sources */ = {isa = PBXBuildFile; fileRef = 0ED4619B2503EA8600F58E83 /* ListReportDetail.swift */; };
		0ED4619E2503FB0E00F58E83 /* FilterSheet.swift in Sources */ = {isa = PBXBuildFile; fileRef = 0ED4619D2503FB0E00F58E83 /* FilterSheet.swift */; };
		0ED461A2250406E400F58E83 /* ReportData.swift in Sources */ = {isa = PBXBuildFile; fileRef = 0ED461A1250406E400F58E83 /* ReportData.swift */; };
/* End PBXBuildFile section */

/* Begin PBXFileReference section */
		0E0D26DA249FAC19007E5A63 /* HealthMonitor.app */ = {isa = PBXFileReference; explicitFileType = wrapper.application; includeInIndex = 0; path = HealthMonitor.app; sourceTree = BUILT_PRODUCTS_DIR; };
		0E0D26DD249FAC19007E5A63 /* AppDelegate.swift */ = {isa = PBXFileReference; lastKnownFileType = sourcecode.swift; path = AppDelegate.swift; sourceTree = "<group>"; };
		0E0D26DF249FAC19007E5A63 /* SceneDelegate.swift */ = {isa = PBXFileReference; lastKnownFileType = sourcecode.swift; path = SceneDelegate.swift; sourceTree = "<group>"; };
		0E0D26E1249FAC19007E5A63 /* ContentView.swift */ = {isa = PBXFileReference; lastKnownFileType = sourcecode.swift; path = ContentView.swift; sourceTree = "<group>"; };
		0E0D26E3249FAC1E007E5A63 /* Assets.xcassets */ = {isa = PBXFileReference; lastKnownFileType = folder.assetcatalog; path = Assets.xcassets; sourceTree = "<group>"; };
		0E0D26E6249FAC1E007E5A63 /* Preview Assets.xcassets */ = {isa = PBXFileReference; lastKnownFileType = folder.assetcatalog; path = "Preview Assets.xcassets"; sourceTree = "<group>"; };
		0E0D26EB249FAC1E007E5A63 /* Info.plist */ = {isa = PBXFileReference; lastKnownFileType = text.plist.xml; path = Info.plist; sourceTree = "<group>"; };
		0E1C6F5724F564A2007B5028 /* Summary.swift */ = {isa = PBXFileReference; lastKnownFileType = sourcecode.swift; path = Summary.swift; sourceTree = "<group>"; };
		0E1C6F5924F564F4007B5028 /* CalendarTab.swift */ = {isa = PBXFileReference; lastKnownFileType = sourcecode.swift; path = CalendarTab.swift; sourceTree = "<group>"; };
		0E1C6F5B24F5650D007B5028 /* AddReport.swift */ = {isa = PBXFileReference; lastKnownFileType = sourcecode.swift; path = AddReport.swift; sourceTree = "<group>"; };
		0E44DAA825025654001A349B /* EditViewSheet.swift */ = {isa = PBXFileReference; lastKnownFileType = sourcecode.swift; path = EditViewSheet.swift; sourceTree = "<group>"; };
		0E56717624FE9A76002D8FD7 /* Report.xcdatamodel */ = {isa = PBXFileReference; lastKnownFileType = wrapper.xcdatamodel; path = Report.xcdatamodel; sourceTree = "<group>"; };
		0E72C35C24F7B34A00D98AFD /* ButtonView.swift */ = {isa = PBXFileReference; lastKnownFileType = sourcecode.swift; path = ButtonView.swift; sourceTree = "<group>"; };
		0E875FFF25056FF2009CA0F0 /* ReportView.swift */ = {isa = PBXFileReference; lastKnownFileType = sourcecode.swift; path = ReportView.swift; sourceTree = "<group>"; };
		0E8E01122500164E005FDBCC /* CalendarDate.swift */ = {isa = PBXFileReference; lastKnownFileType = sourcecode.swift; path = CalendarDate.swift; sourceTree = "<group>"; };
		0E8E011425001681005FDBCC /* CalendarCell.swift */ = {isa = PBXFileReference; lastKnownFileType = sourcecode.swift; path = CalendarCell.swift; sourceTree = "<group>"; };
		0E8E01162500169C005FDBCC /* ReportSheet.swift */ = {isa = PBXFileReference; lastKnownFileType = sourcecode.swift; path = ReportSheet.swift; sourceTree = "<group>"; };
		0E8E0118250016B5005FDBCC /* CalendarMonth.swift */ = {isa = PBXFileReference; lastKnownFileType = sourcecode.swift; path = CalendarMonth.swift; sourceTree = "<group>"; };
		0E8E011A250016D8005FDBCC /* CalendarController.swift */ = {isa = PBXFileReference; lastKnownFileType = sourcecode.swift; path = CalendarController.swift; sourceTree = "<group>"; };
		0E8E011C25001702005FDBCC /* CalendarManager.swift */ = {isa = PBXFileReference; lastKnownFileType = sourcecode.swift; path = CalendarManager.swift; sourceTree = "<group>"; };
		0E8E011E2500171D005FDBCC /* CalendarColor.swift */ = {isa = PBXFileReference; lastKnownFileType = sourcecode.swift; path = CalendarColor.swift; sourceTree = "<group>"; };
		0E8EDD4E24F5714C009A960A /* CardView.swift */ = {isa = PBXFileReference; lastKnownFileType = sourcecode.swift; path = CardView.swift; sourceTree = "<group>"; };
		0E8FA18A2503D935004A6C88 /* ListView.swift */ = {isa = PBXFileReference; lastKnownFileType = sourcecode.swift; path = ListView.swift; sourceTree = "<group>"; };
		0E8FA18C2503DA59004A6C88 /* AllReport.swift */ = {isa = PBXFileReference; lastKnownFileType = sourcecode.swift; path = AllReport.swift; sourceTree = "<group>"; };
		0E9FC3FD2502434700FC9CC4 /* AddReportSheet.swift */ = {isa = PBXFileReference; lastKnownFileType = sourcecode.swift; path = AddReportSheet.swift; sourceTree = "<group>"; };
		0ECC099224F6535C00C780DD /* CardViewData.swift */ = {isa = PBXFileReference; lastKnownFileType = sourcecode.swift; path = CardViewData.swift; sourceTree = "<group>"; };
		0ECC09DC24F7A7E300C780DD /* AdaptsKeyboard.swift */ = {isa = PBXFileReference; lastKnownFileType = sourcecode.swift; path = AdaptsKeyboard.swift; sourceTree = "<group>"; };
		0ED4619B2503EA8600F58E83 /* ListReportDetail.swift */ = {isa = PBXFileReference; lastKnownFileType = sourcecode.swift; path = ListReportDetail.swift; sourceTree = "<group>"; };
		0ED4619D2503FB0E00F58E83 /* FilterSheet.swift */ = {isa = PBXFileReference; lastKnownFileType = sourcecode.swift; path = FilterSheet.swift; sourceTree = "<group>"; };
		0ED461A1250406E400F58E83 /* ReportData.swift */ = {isa = PBXFileReference; lastKnownFileType = sourcecode.swift; path = ReportData.swift; sourceTree = "<group>"; };
/* End PBXFileReference section */

/* Begin PBXFrameworksBuildPhase section */
		0E0D26D7249FAC19007E5A63 /* Frameworks */ = {
			isa = PBXFrameworksBuildPhase;
			buildActionMask = 2147483647;
			files = (
				0E56717424FD340B002D8FD7 /* SwiftUICharts in Frameworks */,
			);
			runOnlyForDeploymentPostprocessing = 0;
		};
/* End PBXFrameworksBuildPhase section */

/* Begin PBXGroup section */
		0E0D26D1249FAC19007E5A63 = {
			isa = PBXGroup;
			children = (
				0E0D26DC249FAC19007E5A63 /* HealthMonitor */,
				0E0D26DB249FAC19007E5A63 /* Products */,
			);
			sourceTree = "<group>";
		};
		0E0D26DB249FAC19007E5A63 /* Products */ = {
			isa = PBXGroup;
			children = (
				0E0D26DA249FAC19007E5A63 /* HealthMonitor.app */,
			);
			name = Products;
			sourceTree = "<group>";
		};
		0E0D26DC249FAC19007E5A63 /* HealthMonitor */ = {
			isa = PBXGroup;
			children = (
				0E1C6F5D24F5655F007B5028 /* TabView */,
				0E0D26DD249FAC19007E5A63 /* AppDelegate.swift */,
				0E0D26DF249FAC19007E5A63 /* SceneDelegate.swift */,
				0E0D26E1249FAC19007E5A63 /* ContentView.swift */,
				0ECC09DC24F7A7E300C780DD /* AdaptsKeyboard.swift */,
				0E56717524FE9A76002D8FD7 /* HealthMonitor.xcdatamodeld */,
				0E0D26EB249FAC1E007E5A63 /* Info.plist */,
				0E0D26E3249FAC1E007E5A63 /* Assets.xcassets */,
				0E0D26E5249FAC1E007E5A63 /* Preview Content */,
			);
			path = HealthMonitor;
			sourceTree = "<group>";
		};
		0E0D26E5249FAC1E007E5A63 /* Preview Content */ = {
			isa = PBXGroup;
			children = (
				0E0D26E6249FAC1E007E5A63 /* Preview Assets.xcassets */,
			);
			path = "Preview Content";
			sourceTree = "<group>";
		};
		0E1C6F5D24F5655F007B5028 /* TabView */ = {
			isa = PBXGroup;
			children = (
				0E1C6F5724F564A2007B5028 /* Summary.swift */,
				0E8FA1892503D920004A6C88 /* Summary */,
				0E1C6F5924F564F4007B5028 /* CalendarTab.swift */,
				0E56715E24FC1C89002D8FD7 /* Calendar */,
				0E1C6F5B24F5650D007B5028 /* AddReport.swift */,
				0E72C35B24F7B30700D98AFD /* AddReport */,
			);
			path = TabView;
			sourceTree = "<group>";
		};
		0E56715E24FC1C89002D8FD7 /* Calendar */ = {
			isa = PBXGroup;
			children = (
				0E8E01122500164E005FDBCC /* CalendarDate.swift */,
				0E8E011425001681005FDBCC /* CalendarCell.swift */,
				0E8E01162500169C005FDBCC /* ReportSheet.swift */,
				0ED461A1250406E400F58E83 /* ReportData.swift */,
				0E44DAA825025654001A349B /* EditViewSheet.swift */,
				0E8E0118250016B5005FDBCC /* CalendarMonth.swift */,
				0E8E011A250016D8005FDBCC /* CalendarController.swift */,
				0E8E011C25001702005FDBCC /* CalendarManager.swift */,
				0E8E011E2500171D005FDBCC /* CalendarColor.swift */,
				0E9FC3FD2502434700FC9CC4 /* AddReportSheet.swift */,
			);
			path = Calendar;
			sourceTree = "<group>";
		};
		0E72C35B24F7B30700D98AFD /* AddReport */ = {
			isa = PBXGroup;
			children = (
				0E8EDD4E24F5714C009A960A /* CardView.swift */,
				0ECC099224F6535C00C780DD /* CardViewData.swift */,
				0E72C35C24F7B34A00D98AFD /* ButtonView.swift */,
			);
			path = AddReport;
			sourceTree = "<group>";
		};
		0E8FA1892503D920004A6C88 /* Summary */ = {
			isa = PBXGroup;
			children = (
				0E8FA18C2503DA59004A6C88 /* AllReport.swift */,
				0ED4619B2503EA8600F58E83 /* ListReportDetail.swift */,
				0E875FFF25056FF2009CA0F0 /* ReportView.swift */,
				0E8FA18A2503D935004A6C88 /* ListView.swift */,
				0ED4619D2503FB0E00F58E83 /* FilterSheet.swift */,
			);
			path = Summary;
			sourceTree = "<group>";
		};
/* End PBXGroup section */

/* Begin PBXNativeTarget section */
		0E0D26D9249FAC19007E5A63 /* HealthMonitor */ = {
			isa = PBXNativeTarget;
			buildConfigurationList = 0E0D26EE249FAC1E007E5A63 /* Build configuration list for PBXNativeTarget "HealthMonitor" */;
			buildPhases = (
				0E0D26D6249FAC19007E5A63 /* Sources */,
				0E0D26D7249FAC19007E5A63 /* Frameworks */,
				0E0D26D8249FAC19007E5A63 /* Resources */,
			);
			buildRules = (
			);
			dependencies = (
			);
			name = HealthMonitor;
			packageProductDependencies = (
				0E56717324FD340B002D8FD7 /* SwiftUICharts */,
			);
			productName = HealthMonitor;
			productReference = 0E0D26DA249FAC19007E5A63 /* HealthMonitor.app */;
			productType = "com.apple.product-type.application";
		};
/* End PBXNativeTarget section */

/* Begin PBXProject section */
		0E0D26D2249FAC19007E5A63 /* Project object */ = {
			isa = PBXProject;
			attributes = {
				LastSwiftUpdateCheck = 1140;
				LastUpgradeCheck = 1140;
				ORGANIZATIONNAME = "Matteo Celani";
				TargetAttributes = {
					0E0D26D9249FAC19007E5A63 = {
						CreatedOnToolsVersion = 11.4.1;
					};
				};
			};
			buildConfigurationList = 0E0D26D5249FAC19007E5A63 /* Build configuration list for PBXProject "HealthMonitor" */;
			compatibilityVersion = "Xcode 9.3";
			developmentRegion = it;
			hasScannedForEncodings = 0;
			knownRegions = (
				it,
			);
			mainGroup = 0E0D26D1249FAC19007E5A63;
			packageReferences = (
				0E56717224FD340B002D8FD7 /* XCRemoteSwiftPackageReference "ChartView" */,
			);
			productRefGroup = 0E0D26DB249FAC19007E5A63 /* Products */;
			projectDirPath = "";
			projectRoot = "";
			targets = (
				0E0D26D9249FAC19007E5A63 /* HealthMonitor */,
			);
		};
/* End PBXProject section */

/* Begin PBXResourcesBuildPhase section */
		0E0D26D8249FAC19007E5A63 /* Resources */ = {
			isa = PBXResourcesBuildPhase;
			buildActionMask = 2147483647;
			files = (
				0E0D26E7249FAC1E007E5A63 /* Preview Assets.xcassets in Resources */,
				0E0D26E4249FAC1E007E5A63 /* Assets.xcassets in Resources */,
			);
			runOnlyForDeploymentPostprocessing = 0;
		};
/* End PBXResourcesBuildPhase section */

/* Begin PBXSourcesBuildPhase section */
		0E0D26D6249FAC19007E5A63 /* Sources */ = {
			isa = PBXSourcesBuildPhase;
			buildActionMask = 2147483647;
			files = (
				0E8EDD4F24F5714C009A960A /* CardView.swift in Sources */,
				0E8E011F2500171D005FDBCC /* CalendarColor.swift in Sources */,
				0E0D26DE249FAC19007E5A63 /* AppDelegate.swift in Sources */,
				0E0D26E0249FAC19007E5A63 /* SceneDelegate.swift in Sources */,
				0E56717724FE9A76002D8FD7 /* HealthMonitor.xcdatamodeld in Sources */,
				0E8FA18D2503DA59004A6C88 /* AllReport.swift in Sources */,
				0ECC099324F6535C00C780DD /* CardViewData.swift in Sources */,
				0E8E011B250016D8005FDBCC /* CalendarController.swift in Sources */,
				0E8E01172500169C005FDBCC /* ReportSheet.swift in Sources */,
				0ECC09DD24F7A7E300C780DD /* AdaptsKeyboard.swift in Sources */,
				0E9FC3FE2502434700FC9CC4 /* AddReportSheet.swift in Sources */,
				0ED4619E2503FB0E00F58E83 /* FilterSheet.swift in Sources */,
				0E1C6F5824F564A2007B5028 /* Summary.swift in Sources */,
				0E0D26E2249FAC19007E5A63 /* ContentView.swift in Sources */,
				0E72C35D24F7B34A00D98AFD /* ButtonView.swift in Sources */,
				0E44DAA925025655001A349B /* EditViewSheet.swift in Sources */,
				0ED4619C2503EA8600F58E83 /* ListReportDetail.swift in Sources */,
				0ED461A2250406E400F58E83 /* ReportData.swift in Sources */,
				0E1C6F5A24F564F4007B5028 /* CalendarTab.swift in Sources */,
				0E8E011D25001702005FDBCC /* CalendarManager.swift in Sources */,
				0E87600025056FF2009CA0F0 /* ReportView.swift in Sources */,
				0E8E01132500164E005FDBCC /* CalendarDate.swift in Sources */,
				0E8FA18B2503D935004A6C88 /* ListView.swift in Sources */,
				0E1C6F5C24F5650D007B5028 /* AddReport.swift in Sources */,
				0E8E0119250016B5005FDBCC /* CalendarMonth.swift in Sources */,
				0E8E011525001681005FDBCC /* CalendarCell.swift in Sources */,
			);
			runOnlyForDeploymentPostprocessing = 0;
		};
/* End PBXSourcesBuildPhase section */

/* Begin XCBuildConfiguration section */
		0E0D26EC249FAC1E007E5A63 /* Debug */ = {
			isa = XCBuildConfiguration;
			buildSettings = {
				ALWAYS_SEARCH_USER_PATHS = NO;
				CLANG_ANALYZER_LOCALIZABILITY_NONLOCALIZED = YES;
				CLANG_ANALYZER_NONNULL = YES;
				CLANG_ANALYZER_NUMBER_OBJECT_CONVERSION = YES_AGGRESSIVE;
				CLANG_CXX_LANGUAGE_STANDARD = "gnu++14";
				CLANG_CXX_LIBRARY = "libc++";
				CLANG_ENABLE_MODULES = YES;
				CLANG_ENABLE_OBJC_ARC = YES;
				CLANG_ENABLE_OBJC_WEAK = YES;
				CLANG_WARN_BLOCK_CAPTURE_AUTORELEASING = YES;
				CLANG_WARN_BOOL_CONVERSION = YES;
				CLANG_WARN_COMMA = YES;
				CLANG_WARN_CONSTANT_CONVERSION = YES;
				CLANG_WARN_DEPRECATED_OBJC_IMPLEMENTATIONS = YES;
				CLANG_WARN_DIRECT_OBJC_ISA_USAGE = YES_ERROR;
				CLANG_WARN_DOCUMENTATION_COMMENTS = YES;
				CLANG_WARN_EMPTY_BODY = YES;
				CLANG_WARN_ENUM_CONVERSION = YES;
				CLANG_WARN_INFINITE_RECURSION = YES;
				CLANG_WARN_INT_CONVERSION = YES;
				CLANG_WARN_NON_LITERAL_NULL_CONVERSION = YES;
				CLANG_WARN_OBJC_IMPLICIT_RETAIN_SELF = YES;
				CLANG_WARN_OBJC_LITERAL_CONVERSION = YES;
				CLANG_WARN_OBJC_ROOT_CLASS = YES_ERROR;
				CLANG_WARN_RANGE_LOOP_ANALYSIS = YES;
				CLANG_WARN_STRICT_PROTOTYPES = YES;
				CLANG_WARN_SUSPICIOUS_MOVE = YES;
				CLANG_WARN_UNGUARDED_AVAILABILITY = YES_AGGRESSIVE;
				CLANG_WARN_UNREACHABLE_CODE = YES;
				CLANG_WARN__DUPLICATE_METHOD_MATCH = YES;
				COPY_PHASE_STRIP = NO;
				DEBUG_INFORMATION_FORMAT = dwarf;
				ENABLE_STRICT_OBJC_MSGSEND = YES;
				ENABLE_TESTABILITY = YES;
				GCC_C_LANGUAGE_STANDARD = gnu11;
				GCC_DYNAMIC_NO_PIC = NO;
				GCC_NO_COMMON_BLOCKS = YES;
				GCC_OPTIMIZATION_LEVEL = 0;
				GCC_PREPROCESSOR_DEFINITIONS = (
					"DEBUG=1",
					"$(inherited)",
				);
				GCC_WARN_64_TO_32_BIT_CONVERSION = YES;
				GCC_WARN_ABOUT_RETURN_TYPE = YES_ERROR;
				GCC_WARN_UNDECLARED_SELECTOR = YES;
				GCC_WARN_UNINITIALIZED_AUTOS = YES_AGGRESSIVE;
				GCC_WARN_UNUSED_FUNCTION = YES;
				GCC_WARN_UNUSED_VARIABLE = YES;
				IPHONEOS_DEPLOYMENT_TARGET = 13.4;
				MTL_ENABLE_DEBUG_INFO = INCLUDE_SOURCE;
				MTL_FAST_MATH = YES;
				ONLY_ACTIVE_ARCH = YES;
				SDKROOT = iphoneos;
				SWIFT_ACTIVE_COMPILATION_CONDITIONS = DEBUG;
				SWIFT_OPTIMIZATION_LEVEL = "-Onone";
			};
			name = Debug;
		};
		0E0D26ED249FAC1E007E5A63 /* Release */ = {
			isa = XCBuildConfiguration;
			buildSettings = {
				ALWAYS_SEARCH_USER_PATHS = NO;
				CLANG_ANALYZER_LOCALIZABILITY_NONLOCALIZED = YES;
				CLANG_ANALYZER_NONNULL = YES;
				CLANG_ANALYZER_NUMBER_OBJECT_CONVERSION = YES_AGGRESSIVE;
				CLANG_CXX_LANGUAGE_STANDARD = "gnu++14";
				CLANG_CXX_LIBRARY = "libc++";
				CLANG_ENABLE_MODULES = YES;
				CLANG_ENABLE_OBJC_ARC = YES;
				CLANG_ENABLE_OBJC_WEAK = YES;
				CLANG_WARN_BLOCK_CAPTURE_AUTORELEASING = YES;
				CLANG_WARN_BOOL_CONVERSION = YES;
				CLANG_WARN_COMMA = YES;
				CLANG_WARN_CONSTANT_CONVERSION = YES;
				CLANG_WARN_DEPRECATED_OBJC_IMPLEMENTATIONS = YES;
				CLANG_WARN_DIRECT_OBJC_ISA_USAGE = YES_ERROR;
				CLANG_WARN_DOCUMENTATION_COMMENTS = YES;
				CLANG_WARN_EMPTY_BODY = YES;
				CLANG_WARN_ENUM_CONVERSION = YES;
				CLANG_WARN_INFINITE_RECURSION = YES;
				CLANG_WARN_INT_CONVERSION = YES;
				CLANG_WARN_NON_LITERAL_NULL_CONVERSION = YES;
				CLANG_WARN_OBJC_IMPLICIT_RETAIN_SELF = YES;
				CLANG_WARN_OBJC_LITERAL_CONVERSION = YES;
				CLANG_WARN_OBJC_ROOT_CLASS = YES_ERROR;
				CLANG_WARN_RANGE_LOOP_ANALYSIS = YES;
				CLANG_WARN_STRICT_PROTOTYPES = YES;
				CLANG_WARN_SUSPICIOUS_MOVE = YES;
				CLANG_WARN_UNGUARDED_AVAILABILITY = YES_AGGRESSIVE;
				CLANG_WARN_UNREACHABLE_CODE = YES;
				CLANG_WARN__DUPLICATE_METHOD_MATCH = YES;
				COPY_PHASE_STRIP = NO;
				DEBUG_INFORMATION_FORMAT = "dwarf-with-dsym";
				ENABLE_NS_ASSERTIONS = NO;
				ENABLE_STRICT_OBJC_MSGSEND = YES;
				GCC_C_LANGUAGE_STANDARD = gnu11;
				GCC_NO_COMMON_BLOCKS = YES;
				GCC_WARN_64_TO_32_BIT_CONVERSION = YES;
				GCC_WARN_ABOUT_RETURN_TYPE = YES_ERROR;
				GCC_WARN_UNDECLARED_SELECTOR = YES;
				GCC_WARN_UNINITIALIZED_AUTOS = YES_AGGRESSIVE;
				GCC_WARN_UNUSED_FUNCTION = YES;
				GCC_WARN_UNUSED_VARIABLE = YES;
				IPHONEOS_DEPLOYMENT_TARGET = 13.4;
				MTL_ENABLE_DEBUG_INFO = NO;
				MTL_FAST_MATH = YES;
				SDKROOT = iphoneos;
				SWIFT_COMPILATION_MODE = wholemodule;
				SWIFT_OPTIMIZATION_LEVEL = "-O";
				VALIDATE_PRODUCT = YES;
			};
			name = Release;
		};
		0E0D26EF249FAC1E007E5A63 /* Debug */ = {
			isa = XCBuildConfiguration;
			buildSettings = {
				ASSETCATALOG_COMPILER_APPICON_NAME = AppIcon;
				CODE_SIGN_STYLE = Automatic;
				DEVELOPMENT_ASSET_PATHS = "\"HealthMonitor/Preview Content\"";
				DEVELOPMENT_TEAM = K7T9D9PPDQ;
				ENABLE_PREVIEWS = YES;
				INFOPLIST_FILE = HealthMonitor/Info.plist;
				LD_RUNPATH_SEARCH_PATHS = (
					"$(inherited)",
					"@executable_path/Frameworks",
				);
				PRODUCT_BUNDLE_IDENTIFIER = matteocelani.HealthMonitor;
				PRODUCT_NAME = "$(TARGET_NAME)";
				SWIFT_VERSION = 5.0;
				TARGETED_DEVICE_FAMILY = "1,2";
			};
			name = Debug;
		};
		0E0D26F0249FAC1E007E5A63 /* Release */ = {
			isa = XCBuildConfiguration;
			buildSettings = {
				ASSETCATALOG_COMPILER_APPICON_NAME = AppIcon;
				CODE_SIGN_STYLE = Automatic;
				DEVELOPMENT_ASSET_PATHS = "\"HealthMonitor/Preview Content\"";
				DEVELOPMENT_TEAM = K7T9D9PPDQ;
				ENABLE_PREVIEWS = YES;
				INFOPLIST_FILE = HealthMonitor/Info.plist;
				LD_RUNPATH_SEARCH_PATHS = (
					"$(inherited)",
					"@executable_path/Frameworks",
				);
				PRODUCT_BUNDLE_IDENTIFIER = matteocelani.HealthMonitor;
				PRODUCT_NAME = "$(TARGET_NAME)";
				SWIFT_VERSION = 5.0;
				TARGETED_DEVICE_FAMILY = "1,2";
			};
			name = Release;
		};
/* End XCBuildConfiguration section */

/* Begin XCConfigurationList section */
		0E0D26D5249FAC19007E5A63 /* Build configuration list for PBXProject "HealthMonitor" */ = {
			isa = XCConfigurationList;
			buildConfigurations = (
				0E0D26EC249FAC1E007E5A63 /* Debug */,
				0E0D26ED249FAC1E007E5A63 /* Release */,
			);
			defaultConfigurationIsVisible = 0;
			defaultConfigurationName = Release;
		};
		0E0D26EE249FAC1E007E5A63 /* Build configuration list for PBXNativeTarget "HealthMonitor" */ = {
			isa = XCConfigurationList;
			buildConfigurations = (
				0E0D26EF249FAC1E007E5A63 /* Debug */,
				0E0D26F0249FAC1E007E5A63 /* Release */,
			);
			defaultConfigurationIsVisible = 0;
			defaultConfigurationName = Release;
		};
/* End XCConfigurationList section */

/* Begin XCRemoteSwiftPackageReference section */
		0E56717224FD340B002D8FD7 /* XCRemoteSwiftPackageReference "ChartView" */ = {
			isa = XCRemoteSwiftPackageReference;
			repositoryURL = "https://github.com/AppPear/ChartView";
			requirement = {
				kind = upToNextMajorVersion;
				minimumVersion = 1.5.4;
			};
		};
/* End XCRemoteSwiftPackageReference section */

/* Begin XCSwiftPackageProductDependency section */
		0E56717324FD340B002D8FD7 /* SwiftUICharts */ = {
			isa = XCSwiftPackageProductDependency;
			package = 0E56717224FD340B002D8FD7 /* XCRemoteSwiftPackageReference "ChartView" */;
			productName = SwiftUICharts;
		};
/* End XCSwiftPackageProductDependency section */

/* Begin XCVersionGroup section */
		0E56717524FE9A76002D8FD7 /* HealthMonitor.xcdatamodeld */ = {
			isa = XCVersionGroup;
			children = (
				0E56717624FE9A76002D8FD7 /* Report.xcdatamodel */,
			);
			currentVersion = 0E56717624FE9A76002D8FD7 /* Report.xcdatamodel */;
			path = HealthMonitor.xcdatamodeld;
			sourceTree = "<group>";
			versionGroupType = wrapper.xcdatamodel;
		};
/* End XCVersionGroup section */
	};
	rootObject = 0E0D26D2249FAC19007E5A63 /* Project object */;
}
